// !$*UTF8*$!
{
	archiveVersion = 1;
	classes = {
	};
	objectVersion = 46;
	objects = {

/* Begin PBXBuildFile section */
		D12799BD1D011D79009CCD93 /* Fantasy.m in Sources */ = {isa = PBXBuildFile; fileRef = D12799B81D011D79009CCD93 /* Fantasy.m */; };
		D12799BE1D011D79009CCD93 /* Player.m in Sources */ = {isa = PBXBuildFile; fileRef = D12799BA1D011D79009CCD93 /* Player.m */; };
		D12799BF1D011D79009CCD93 /* PlayerIdent.m in Sources */ = {isa = PBXBuildFile; fileRef = D12799BC1D011D79009CCD93 /* PlayerIdent.m */; };
		D148CD971D0061C10047E559 /* DraftMetricsHelper.swift in Sources */ = {isa = PBXBuildFile; fileRef = D148CD961D0061C10047E559 /* DraftMetricsHelper.swift */; };
		D148CD991D0062180047E559 /* DraftHistoryViewController.swift in Sources */ = {isa = PBXBuildFile; fileRef = D148CD981D0062180047E559 /* DraftHistoryViewController.swift */; };
		D148CD9B1D00624E0047E559 /* SettingsViewController.swift in Sources */ = {isa = PBXBuildFile; fileRef = D148CD9A1D00624E0047E559 /* SettingsViewController.swift */; };
		D148CDAC1D0064430047E559 /* Arvo-Regular.ttf in Resources */ = {isa = PBXBuildFile; fileRef = D148CD9F1D0064430047E559 /* Arvo-Regular.ttf */; };
		D148CDAD1D0064430047E559 /* Arvo-Bold.ttf in Resources */ = {isa = PBXBuildFile; fileRef = D148CDA11D0064430047E559 /* Arvo-Bold.ttf */; };
		D148CDAE1D0064430047E559 /* Arvo-BoldItalic.ttf in Resources */ = {isa = PBXBuildFile; fileRef = D148CDA31D0064430047E559 /* Arvo-BoldItalic.ttf */; };
		D148CDAF1D0064430047E559 /* Arvo-Italic.ttf in Resources */ = {isa = PBXBuildFile; fileRef = D148CDA51D0064430047E559 /* Arvo-Italic.ttf */; };
		D148CDB11D0064430047E559 /* Monda-Light.ttf in Resources */ = {isa = PBXBuildFile; fileRef = D148CDA91D0064430047E559 /* Monda-Light.ttf */; };
		D148CDB21D0064430047E559 /* Monda-Regular.ttf in Resources */ = {isa = PBXBuildFile; fileRef = D148CDAB1D0064430047E559 /* Monda-Regular.ttf */; };
		D148CDB41D0068AB0047E559 /* PlayerCell.swift in Sources */ = {isa = PBXBuildFile; fileRef = D148CDB31D0068AB0047E559 /* PlayerCell.swift */; };
		D14A3F8E1D0EE2B900963D42 /* IntroPageViewController.swift in Sources */ = {isa = PBXBuildFile; fileRef = D14A3F8D1D0EE2B900963D42 /* IntroPageViewController.swift */; };
		D15DC2951D1034EC00E7BA0D /* CustomScoringTableViewController.swift in Sources */ = {isa = PBXBuildFile; fileRef = D15DC2941D1034EC00E7BA0D /* CustomScoringTableViewController.swift */; };
		D16A80801CFF0E4D00C2EC89 /* AppDelegate.swift in Sources */ = {isa = PBXBuildFile; fileRef = D16A807F1CFF0E4D00C2EC89 /* AppDelegate.swift */; };
		D16A80821CFF0E4D00C2EC89 /* MainPageViewController.swift in Sources */ = {isa = PBXBuildFile; fileRef = D16A80811CFF0E4D00C2EC89 /* MainPageViewController.swift */; };
		D16A80841CFF0E4D00C2EC89 /* MyPickViewController.swift in Sources */ = {isa = PBXBuildFile; fileRef = D16A80831CFF0E4D00C2EC89 /* MyPickViewController.swift */; };
		D16A80871CFF0E4D00C2EC89 /* Main.storyboard in Resources */ = {isa = PBXBuildFile; fileRef = D16A80851CFF0E4D00C2EC89 /* Main.storyboard */; };
		D16A80891CFF0E4D00C2EC89 /* Assets.xcassets in Resources */ = {isa = PBXBuildFile; fileRef = D16A80881CFF0E4D00C2EC89 /* Assets.xcassets */; };
		D16A808C1CFF0E4D00C2EC89 /* LaunchScreen.storyboard in Resources */ = {isa = PBXBuildFile; fileRef = D16A808A1CFF0E4D00C2EC89 /* LaunchScreen.storyboard */; };
		D16E3AA11D01250D00F3BA78 /* Monda-Bold.ttf in Resources */ = {isa = PBXBuildFile; fileRef = D12799C21D0123B6009CCD93 /* Monda-Bold.ttf */; };
		DAEA58149ADCCC4044B9FD32 /* Pods_DraftMetrics2.framework in Frameworks */ = {isa = PBXBuildFile; fileRef = 0A77C8DBDE8DB012E219580B /* Pods_DraftMetrics2.framework */; };
/* End PBXBuildFile section */

/* Begin PBXFileReference section */
		0A77C8DBDE8DB012E219580B /* Pods_DraftMetrics2.framework */ = {isa = PBXFileReference; explicitFileType = wrapper.framework; includeInIndex = 0; path = Pods_DraftMetrics2.framework; sourceTree = BUILT_PRODUCTS_DIR; };
		3D2A40AFEA1BE019D88A384A /* Pods-DraftMetrics2.release.xcconfig */ = {isa = PBXFileReference; includeInIndex = 1; lastKnownFileType = text.xcconfig; name = "Pods-DraftMetrics2.release.xcconfig"; path = "Pods/Target Support Files/Pods-DraftMetrics2/Pods-DraftMetrics2.release.xcconfig"; sourceTree = "<group>"; };
		9865A6F8DFE8429BA0368340 /* Pods-DraftMetrics2.debug.xcconfig */ = {isa = PBXFileReference; includeInIndex = 1; lastKnownFileType = text.xcconfig; name = "Pods-DraftMetrics2.debug.xcconfig"; path = "Pods/Target Support Files/Pods-DraftMetrics2/Pods-DraftMetrics2.debug.xcconfig"; sourceTree = "<group>"; };
		D12799B61D011D78009CCD93 /* DraftMetrics2-Bridging-Header.h */ = {isa = PBXFileReference; lastKnownFileType = sourcecode.c.h; path = "DraftMetrics2-Bridging-Header.h"; sourceTree = "<group>"; };
		D12799B71D011D79009CCD93 /* Fantasy.h */ = {isa = PBXFileReference; fileEncoding = 4; lastKnownFileType = sourcecode.c.h; path = Fantasy.h; sourceTree = "<group>"; };
		D12799B81D011D79009CCD93 /* Fantasy.m */ = {isa = PBXFileReference; fileEncoding = 4; lastKnownFileType = sourcecode.c.objc; path = Fantasy.m; sourceTree = "<group>"; };
		D12799B91D011D79009CCD93 /* Player.h */ = {isa = PBXFileReference; fileEncoding = 4; lastKnownFileType = sourcecode.c.h; path = Player.h; sourceTree = "<group>"; };
		D12799BA1D011D79009CCD93 /* Player.m */ = {isa = PBXFileReference; fileEncoding = 4; lastKnownFileType = sourcecode.c.objc; path = Player.m; sourceTree = "<group>"; };
		D12799BB1D011D79009CCD93 /* PlayerIdent.h */ = {isa = PBXFileReference; fileEncoding = 4; lastKnownFileType = sourcecode.c.h; path = PlayerIdent.h; sourceTree = "<group>"; };
		D12799BC1D011D79009CCD93 /* PlayerIdent.m */ = {isa = PBXFileReference; fileEncoding = 4; lastKnownFileType = sourcecode.c.objc; path = PlayerIdent.m; sourceTree = "<group>"; };
		D12799C21D0123B6009CCD93 /* Monda-Bold.ttf */ = {isa = PBXFileReference; lastKnownFileType = file; path = "Monda-Bold.ttf"; sourceTree = "<group>"; };
		D148CD961D0061C10047E559 /* DraftMetricsHelper.swift */ = {isa = PBXFileReference; fileEncoding = 4; lastKnownFileType = sourcecode.swift; path = DraftMetricsHelper.swift; sourceTree = "<group>"; };
		D148CD981D0062180047E559 /* DraftHistoryViewController.swift */ = {isa = PBXFileReference; fileEncoding = 4; lastKnownFileType = sourcecode.swift; path = DraftHistoryViewController.swift; sourceTree = "<group>"; };
		D148CD9A1D00624E0047E559 /* SettingsViewController.swift */ = {isa = PBXFileReference; fileEncoding = 4; lastKnownFileType = sourcecode.swift; path = SettingsViewController.swift; sourceTree = "<group>"; };
		D148CD9F1D0064430047E559 /* Arvo-Regular.ttf */ = {isa = PBXFileReference; lastKnownFileType = file; path = "Arvo-Regular.ttf"; sourceTree = "<group>"; };
		D148CDA11D0064430047E559 /* Arvo-Bold.ttf */ = {isa = PBXFileReference; lastKnownFileType = file; path = "Arvo-Bold.ttf"; sourceTree = "<group>"; };
		D148CDA31D0064430047E559 /* Arvo-BoldItalic.ttf */ = {isa = PBXFileReference; lastKnownFileType = file; path = "Arvo-BoldItalic.ttf"; sourceTree = "<group>"; };
		D148CDA51D0064430047E559 /* Arvo-Italic.ttf */ = {isa = PBXFileReference; lastKnownFileType = file; path = "Arvo-Italic.ttf"; sourceTree = "<group>"; };
		D148CDA91D0064430047E559 /* Monda-Light.ttf */ = {isa = PBXFileReference; lastKnownFileType = file; path = "Monda-Light.ttf"; sourceTree = "<group>"; };
		D148CDAB1D0064430047E559 /* Monda-Regular.ttf */ = {isa = PBXFileReference; lastKnownFileType = file; path = "Monda-Regular.ttf"; sourceTree = "<group>"; };
		D148CDB31D0068AB0047E559 /* PlayerCell.swift */ = {isa = PBXFileReference; fileEncoding = 4; lastKnownFileType = sourcecode.swift; path = PlayerCell.swift; sourceTree = "<group>"; };
		D14A3F8D1D0EE2B900963D42 /* IntroPageViewController.swift */ = {isa = PBXFileReference; fileEncoding = 4; lastKnownFileType = sourcecode.swift; path = IntroPageViewController.swift; sourceTree = "<group>"; };
		D15DC2941D1034EC00E7BA0D /* CustomScoringTableViewController.swift */ = {isa = PBXFileReference; fileEncoding = 4; lastKnownFileType = sourcecode.swift; path = CustomScoringTableViewController.swift; sourceTree = "<group>"; };
		D16A807C1CFF0E4D00C2EC89 /* DraftMetrics.app */ = {isa = PBXFileReference; explicitFileType = wrapper.application; includeInIndex = 0; path = DraftMetrics.app; sourceTree = BUILT_PRODUCTS_DIR; };
		D16A807F1CFF0E4D00C2EC89 /* AppDelegate.swift */ = {isa = PBXFileReference; lastKnownFileType = sourcecode.swift; path = AppDelegate.swift; sourceTree = "<group>"; };
		D16A80811CFF0E4D00C2EC89 /* MainPageViewController.swift */ = {isa = PBXFileReference; lastKnownFileType = sourcecode.swift; path = MainPageViewController.swift; sourceTree = "<group>"; };
		D16A80831CFF0E4D00C2EC89 /* MyPickViewController.swift */ = {isa = PBXFileReference; lastKnownFileType = sourcecode.swift; path = MyPickViewController.swift; sourceTree = "<group>"; };
		D16A80861CFF0E4D00C2EC89 /* Base */ = {isa = PBXFileReference; lastKnownFileType = file.storyboard; name = Base; path = Base.lproj/Main.storyboard; sourceTree = "<group>"; };
		D16A80881CFF0E4D00C2EC89 /* Assets.xcassets */ = {isa = PBXFileReference; lastKnownFileType = folder.assetcatalog; path = Assets.xcassets; sourceTree = "<group>"; };
		D16A808B1CFF0E4D00C2EC89 /* Base */ = {isa = PBXFileReference; lastKnownFileType = file.storyboard; name = Base; path = Base.lproj/LaunchScreen.storyboard; sourceTree = "<group>"; };
		D16A808D1CFF0E4D00C2EC89 /* Info.plist */ = {isa = PBXFileReference; lastKnownFileType = text.plist.xml; path = Info.plist; sourceTree = "<group>"; };
/* End PBXFileReference section */

/* Begin PBXFrameworksBuildPhase section */
		D16A80791CFF0E4D00C2EC89 /* Frameworks */ = {
			isa = PBXFrameworksBuildPhase;
			buildActionMask = 2147483647;
			files = (
				DAEA58149ADCCC4044B9FD32 /* Pods_DraftMetrics2.framework in Frameworks */,
			);
			runOnlyForDeploymentPostprocessing = 0;
		};
/* End PBXFrameworksBuildPhase section */

/* Begin PBXGroup section */
		CC1484832070AEC5D2D8459E /* Pods */ = {
			isa = PBXGroup;
			children = (
				9865A6F8DFE8429BA0368340 /* Pods-DraftMetrics2.debug.xcconfig */,
				3D2A40AFEA1BE019D88A384A /* Pods-DraftMetrics2.release.xcconfig */,
			);
			name = Pods;
			sourceTree = "<group>";
		};
		CDC7D5C0ADC34834D261AD2E /* Frameworks */ = {
			isa = PBXGroup;
			children = (
				0A77C8DBDE8DB012E219580B /* Pods_DraftMetrics2.framework */,
			);
			name = Frameworks;
			sourceTree = "<group>";
		};
		D12799C01D011D7D009CCD93 /* Fantasy */ = {
			isa = PBXGroup;
			children = (
				D12799B71D011D79009CCD93 /* Fantasy.h */,
				D12799B81D011D79009CCD93 /* Fantasy.m */,
				D12799B91D011D79009CCD93 /* Player.h */,
				D12799BA1D011D79009CCD93 /* Player.m */,
				D12799BB1D011D79009CCD93 /* PlayerIdent.h */,
				D12799BC1D011D79009CCD93 /* PlayerIdent.m */,
			);
			name = Fantasy;
			sourceTree = "<group>";
		};
		D148CD9D1D0064430047E559 /* Fonts */ = {
			isa = PBXGroup;
			children = (
				D148CD9E1D0064430047E559 /* Arvo */,
				D148CDA01D0064430047E559 /* Arvo Bold */,
				D148CDA21D0064430047E559 /* Arvo Bold Italic */,
				D148CDA41D0064430047E559 /* Arvo Italic */,
				D148CDA61D0064430047E559 /* Monda Bold */,
				D148CDA81D0064430047E559 /* Monda Light */,
				D148CDAA1D0064430047E559 /* Monda Regular */,
			);
			path = Fonts;
			sourceTree = "<group>";
		};
		D148CD9E1D0064430047E559 /* Arvo */ = {
			isa = PBXGroup;
			children = (
				D148CD9F1D0064430047E559 /* Arvo-Regular.ttf */,
			);
			path = Arvo;
			sourceTree = "<group>";
		};
		D148CDA01D0064430047E559 /* Arvo Bold */ = {
			isa = PBXGroup;
			children = (
				D148CDA11D0064430047E559 /* Arvo-Bold.ttf */,
			);
			path = "Arvo Bold";
			sourceTree = "<group>";
		};
		D148CDA21D0064430047E559 /* Arvo Bold Italic */ = {
			isa = PBXGroup;
			children = (
				D148CDA31D0064430047E559 /* Arvo-BoldItalic.ttf */,
			);
			path = "Arvo Bold Italic";
			sourceTree = "<group>";
		};
		D148CDA41D0064430047E559 /* Arvo Italic */ = {
			isa = PBXGroup;
			children = (
				D148CDA51D0064430047E559 /* Arvo-Italic.ttf */,
			);
			path = "Arvo Italic";
			sourceTree = "<group>";
		};
		D148CDA61D0064430047E559 /* Monda Bold */ = {
			isa = PBXGroup;
			children = (
				D12799C21D0123B6009CCD93 /* Monda-Bold.ttf */,
			);
			path = "Monda Bold";
			sourceTree = "<group>";
		};
		D148CDA81D0064430047E559 /* Monda Light */ = {
			isa = PBXGroup;
			children = (
				D148CDA91D0064430047E559 /* Monda-Light.ttf */,
			);
			path = "Monda Light";
			sourceTree = "<group>";
		};
		D148CDAA1D0064430047E559 /* Monda Regular */ = {
			isa = PBXGroup;
			children = (
				D148CDAB1D0064430047E559 /* Monda-Regular.ttf */,
			);
			path = "Monda Regular";
			sourceTree = "<group>";
		};
		D16A80731CFF0E4D00C2EC89 = {
			isa = PBXGroup;
			children = (
				D16A807E1CFF0E4D00C2EC89 /* DraftMetrics2 */,
				D16A807D1CFF0E4D00C2EC89 /* Products */,
				CC1484832070AEC5D2D8459E /* Pods */,
				CDC7D5C0ADC34834D261AD2E /* Frameworks */,
			);
			sourceTree = "<group>";
		};
		D16A807D1CFF0E4D00C2EC89 /* Products */ = {
			isa = PBXGroup;
			children = (
				D16A807C1CFF0E4D00C2EC89 /* DraftMetrics.app */,
			);
			name = Products;
			sourceTree = "<group>";
		};
		D16A807E1CFF0E4D00C2EC89 /* DraftMetrics2 */ = {
			isa = PBXGroup;
			children = (
				D12799C01D011D7D009CCD93 /* Fantasy */,
				D16A807F1CFF0E4D00C2EC89 /* AppDelegate.swift */,
				D16A80811CFF0E4D00C2EC89 /* MainPageViewController.swift */,
				D16A80831CFF0E4D00C2EC89 /* MyPickViewController.swift */,
				D148CD981D0062180047E559 /* DraftHistoryViewController.swift */,
				D148CD9A1D00624E0047E559 /* SettingsViewController.swift */,
				D148CD961D0061C10047E559 /* DraftMetricsHelper.swift */,
				D14A3F8D1D0EE2B900963D42 /* IntroPageViewController.swift */,
				D15DC2941D1034EC00E7BA0D /* CustomScoringTableViewController.swift */,
				D16A80851CFF0E4D00C2EC89 /* Main.storyboard */,
				D148CDB31D0068AB0047E559 /* PlayerCell.swift */,
				D16A80881CFF0E4D00C2EC89 /* Assets.xcassets */,
				D16A808A1CFF0E4D00C2EC89 /* LaunchScreen.storyboard */,
				D16A808D1CFF0E4D00C2EC89 /* Info.plist */,
				D148CD9D1D0064430047E559 /* Fonts */,
				D12799B61D011D78009CCD93 /* DraftMetrics2-Bridging-Header.h */,
			);
			path = DraftMetrics2;
			sourceTree = "<group>";
		};
/* End PBXGroup section */

/* Begin PBXNativeTarget section */
		D16A807B1CFF0E4D00C2EC89 /* DraftMetrics */ = {
			isa = PBXNativeTarget;
			buildConfigurationList = D16A80901CFF0E4D00C2EC89 /* Build configuration list for PBXNativeTarget "DraftMetrics" */;
			buildPhases = (
				C9DF7955B5E6B5718A7356B1 /* 📦 Check Pods Manifest.lock */,
				D16A80781CFF0E4D00C2EC89 /* Sources */,
				D16A80791CFF0E4D00C2EC89 /* Frameworks */,
				D16A807A1CFF0E4D00C2EC89 /* Resources */,
				BB73CA7C09252FC964B3A08E /* 📦 Embed Pods Frameworks */,
				6B1D13CB012659B65BACC61A /* 📦 Copy Pods Resources */,
			);
			buildRules = (
			);
			dependencies = (
			);
			name = DraftMetrics;
			productName = DraftMetrics2;
			productReference = D16A807C1CFF0E4D00C2EC89 /* DraftMetrics.app */;
			productType = "com.apple.product-type.application";
		};
/* End PBXNativeTarget section */

/* Begin PBXProject section */
		D16A80741CFF0E4D00C2EC89 /* Project object */ = {
			isa = PBXProject;
			attributes = {
				LastSwiftUpdateCheck = 0730;
				LastUpgradeCheck = 0730;
				ORGANIZATIONNAME = "Jack Cable";
				TargetAttributes = {
					D16A807B1CFF0E4D00C2EC89 = {
						CreatedOnToolsVersion = 7.3;
					};
				};
			};
			buildConfigurationList = D16A80771CFF0E4D00C2EC89 /* Build configuration list for PBXProject "DraftMetrics2" */;
			compatibilityVersion = "Xcode 3.2";
			developmentRegion = English;
			hasScannedForEncodings = 0;
			knownRegions = (
				en,
				Base,
			);
			mainGroup = D16A80731CFF0E4D00C2EC89;
			productRefGroup = D16A807D1CFF0E4D00C2EC89 /* Products */;
			projectDirPath = "";
			projectRoot = "";
			targets = (
				D16A807B1CFF0E4D00C2EC89 /* DraftMetrics */,
			);
		};
/* End PBXProject section */

/* Begin PBXResourcesBuildPhase section */
		D16A807A1CFF0E4D00C2EC89 /* Resources */ = {
			isa = PBXResourcesBuildPhase;
			buildActionMask = 2147483647;
			files = (
				D16E3AA11D01250D00F3BA78 /* Monda-Bold.ttf in Resources */,
				D148CDB11D0064430047E559 /* Monda-Light.ttf in Resources */,
				D16A808C1CFF0E4D00C2EC89 /* LaunchScreen.storyboard in Resources */,
				D148CDAE1D0064430047E559 /* Arvo-BoldItalic.ttf in Resources */,
				D16A80891CFF0E4D00C2EC89 /* Assets.xcassets in Resources */,
				D148CDAF1D0064430047E559 /* Arvo-Italic.ttf in Resources */,
				D148CDB21D0064430047E559 /* Monda-Regular.ttf in Resources */,
				D16A80871CFF0E4D00C2EC89 /* Main.storyboard in Resources */,
				D148CDAD1D0064430047E559 /* Arvo-Bold.ttf in Resources */,
				D148CDAC1D0064430047E559 /* Arvo-Regular.ttf in Resources */,
			);
			runOnlyForDeploymentPostprocessing = 0;
		};
/* End PBXResourcesBuildPhase section */

/* Begin PBXShellScriptBuildPhase section */
		6B1D13CB012659B65BACC61A /* 📦 Copy Pods Resources */ = {
			isa = PBXShellScriptBuildPhase;
			buildActionMask = 2147483647;
			files = (
			);
			inputPaths = (
			);
			name = "📦 Copy Pods Resources";
			outputPaths = (
			);
			runOnlyForDeploymentPostprocessing = 0;
			shellPath = /bin/sh;
			shellScript = "\"${SRCROOT}/Pods/Target Support Files/Pods-DraftMetrics2/Pods-DraftMetrics2-resources.sh\"\n";
			showEnvVarsInLog = 0;
		};
		BB73CA7C09252FC964B3A08E /* 📦 Embed Pods Frameworks */ = {
			isa = PBXShellScriptBuildPhase;
			buildActionMask = 2147483647;
			files = (
			);
			inputPaths = (
			);
			name = "📦 Embed Pods Frameworks";
			outputPaths = (
			);
			runOnlyForDeploymentPostprocessing = 0;
			shellPath = /bin/sh;
			shellScript = "\"${SRCROOT}/Pods/Target Support Files/Pods-DraftMetrics2/Pods-DraftMetrics2-frameworks.sh\"\n";
			showEnvVarsInLog = 0;
		};
		C9DF7955B5E6B5718A7356B1 /* 📦 Check Pods Manifest.lock */ = {
			isa = PBXShellScriptBuildPhase;
			buildActionMask = 2147483647;
			files = (
			);
			inputPaths = (
			);
			name = "📦 Check Pods Manifest.lock";
			outputPaths = (
			);
			runOnlyForDeploymentPostprocessing = 0;
			shellPath = /bin/sh;
			shellScript = "diff \"${PODS_ROOT}/../Podfile.lock\" \"${PODS_ROOT}/Manifest.lock\" > /dev/null\nif [[ $? != 0 ]] ; then\n    cat << EOM\nerror: The sandbox is not in sync with the Podfile.lock. Run 'pod install' or update your CocoaPods installation.\nEOM\n    exit 1\nfi\n";
			showEnvVarsInLog = 0;
		};
/* End PBXShellScriptBuildPhase section */

/* Begin PBXSourcesBuildPhase section */
		D16A80781CFF0E4D00C2EC89 /* Sources */ = {
			isa = PBXSourcesBuildPhase;
			buildActionMask = 2147483647;
			files = (
				D148CD991D0062180047E559 /* DraftHistoryViewController.swift in Sources */,
				D14A3F8E1D0EE2B900963D42 /* IntroPageViewController.swift in Sources */,
				D16A80841CFF0E4D00C2EC89 /* MyPickViewController.swift in Sources */,
				D12799BD1D011D79009CCD93 /* Fantasy.m in Sources */,
				D12799BF1D011D79009CCD93 /* PlayerIdent.m in Sources */,
				D148CDB41D0068AB0047E559 /* PlayerCell.swift in Sources */,
				D16A80801CFF0E4D00C2EC89 /* AppDelegate.swift in Sources */,
				D16A80821CFF0E4D00C2EC89 /* MainPageViewController.swift in Sources */,
				D148CD971D0061C10047E559 /* DraftMetricsHelper.swift in Sources */,
				D12799BE1D011D79009CCD93 /* Player.m in Sources */,
				D148CD9B1D00624E0047E559 /* SettingsViewController.swift in Sources */,
				D15DC2951D1034EC00E7BA0D /* CustomScoringTableViewController.swift in Sources */,
			);
			runOnlyForDeploymentPostprocessing = 0;
		};
/* End PBXSourcesBuildPhase section */

/* Begin PBXVariantGroup section */
		D16A80851CFF0E4D00C2EC89 /* Main.storyboard */ = {
			isa = PBXVariantGroup;
			children = (
				D16A80861CFF0E4D00C2EC89 /* Base */,
			);
			name = Main.storyboard;
			sourceTree = "<group>";
		};
		D16A808A1CFF0E4D00C2EC89 /* LaunchScreen.storyboard */ = {
			isa = PBXVariantGroup;
			children = (
				D16A808B1CFF0E4D00C2EC89 /* Base */,
			);
			name = LaunchScreen.storyboard;
			sourceTree = "<group>";
		};
/* End PBXVariantGroup section */

/* Begin XCBuildConfiguration section */
		D16A808E1CFF0E4D00C2EC89 /* Debug */ = {
			isa = XCBuildConfiguration;
			buildSettings = {
				ALWAYS_SEARCH_USER_PATHS = NO;
				CLANG_ANALYZER_NONNULL = YES;
				CLANG_CXX_LANGUAGE_STANDARD = "gnu++0x";
				CLANG_CXX_LIBRARY = "libc++";
				CLANG_ENABLE_MODULES = YES;
				CLANG_ENABLE_OBJC_ARC = YES;
				CLANG_WARN_BOOL_CONVERSION = YES;
				CLANG_WARN_CONSTANT_CONVERSION = YES;
				CLANG_WARN_DIRECT_OBJC_ISA_USAGE = YES_ERROR;
				CLANG_WARN_EMPTY_BODY = YES;
				CLANG_WARN_ENUM_CONVERSION = YES;
				CLANG_WARN_INT_CONVERSION = YES;
				CLANG_WARN_OBJC_ROOT_CLASS = YES_ERROR;
				CLANG_WARN_UNREACHABLE_CODE = YES;
				CLANG_WARN__DUPLICATE_METHOD_MATCH = YES;
				"CODE_SIGN_IDENTITY[sdk=iphoneos*]" = "iPhone Developer";
				COPY_PHASE_STRIP = NO;
				DEBUG_INFORMATION_FORMAT = dwarf;
				ENABLE_STRICT_OBJC_MSGSEND = YES;
				ENABLE_TESTABILITY = YES;
				GCC_C_LANGUAGE_STANDARD = gnu99;
				GCC_DYNAMIC_NO_PIC = NO;
				GCC_NO_COMMON_BLOCKS = YES;
				GCC_OPTIMIZATION_LEVEL = 0;
				GCC_PREPROCESSOR_DEFINITIONS = (
					"DEBUG=1",
					"$(inherited)",
				);
				GCC_WARN_64_TO_32_BIT_CONVERSION = YES;
				GCC_WARN_ABOUT_RETURN_TYPE = YES_ERROR;
				GCC_WARN_UNDECLARED_SELECTOR = YES;
				GCC_WARN_UNINITIALIZED_AUTOS = YES_AGGRESSIVE;
				GCC_WARN_UNUSED_FUNCTION = YES;
				GCC_WARN_UNUSED_VARIABLE = YES;
				IPHONEOS_DEPLOYMENT_TARGET = 9.3;
				MTL_ENABLE_DEBUG_INFO = YES;
				ONLY_ACTIVE_ARCH = YES;
				SDKROOT = iphoneos;
				SWIFT_OPTIMIZATION_LEVEL = "-Onone";
				TARGETED_DEVICE_FAMILY = "1,2";
			};
			name = Debug;
		};
		D16A808F1CFF0E4D00C2EC89 /* Release */ = {
			isa = XCBuildConfiguration;
			buildSettings = {
				ALWAYS_SEARCH_USER_PATHS = NO;
				CLANG_ANALYZER_NONNULL = YES;
				CLANG_CXX_LANGUAGE_STANDARD = "gnu++0x";
				CLANG_CXX_LIBRARY = "libc++";
				CLANG_ENABLE_MODULES = YES;
				CLANG_ENABLE_OBJC_ARC = YES;
				CLANG_WARN_BOOL_CONVERSION = YES;
				CLANG_WARN_CONSTANT_CONVERSION = YES;
				CLANG_WARN_DIRECT_OBJC_ISA_USAGE = YES_ERROR;
				CLANG_WARN_EMPTY_BODY = YES;
				CLANG_WARN_ENUM_CONVERSION = YES;
				CLANG_WARN_INT_CONVERSION = YES;
				CLANG_WARN_OBJC_ROOT_CLASS = YES_ERROR;
				CLANG_WARN_UNREACHABLE_CODE = YES;
				CLANG_WARN__DUPLICATE_METHOD_MATCH = YES;
				"CODE_SIGN_IDENTITY[sdk=iphoneos*]" = "iPhone Developer";
				COPY_PHASE_STRIP = NO;
				DEBUG_INFORMATION_FORMAT = "dwarf-with-dsym";
				ENABLE_NS_ASSERTIONS = NO;
				ENABLE_STRICT_OBJC_MSGSEND = YES;
				GCC_C_LANGUAGE_STANDARD = gnu99;
				GCC_NO_COMMON_BLOCKS = YES;
				GCC_WARN_64_TO_32_BIT_CONVERSION = YES;
				GCC_WARN_ABOUT_RETURN_TYPE = YES_ERROR;
				GCC_WARN_UNDECLARED_SELECTOR = YES;
				GCC_WARN_UNINITIALIZED_AUTOS = YES_AGGRESSIVE;
				GCC_WARN_UNUSED_FUNCTION = YES;
				GCC_WARN_UNUSED_VARIABLE = YES;
				IPHONEOS_DEPLOYMENT_TARGET = 9.3;
				MTL_ENABLE_DEBUG_INFO = NO;
				SDKROOT = iphoneos;
				TARGETED_DEVICE_FAMILY = "1,2";
				VALIDATE_PRODUCT = YES;
			};
			name = Release;
		};
		D16A80911CFF0E4D00C2EC89 /* Debug */ = {
			isa = XCBuildConfiguration;
			baseConfigurationReference = 9865A6F8DFE8429BA0368340 /* Pods-DraftMetrics2.debug.xcconfig */;
			buildSettings = {
				ASSETCATALOG_COMPILER_APPICON_NAME = AppIcon;
				CLANG_ENABLE_MODULES = YES;
				INFOPLIST_FILE = DraftMetrics2/Info.plist;
				IPHONEOS_DEPLOYMENT_TARGET = 8.0;
				LD_RUNPATH_SEARCH_PATHS = "$(inherited) @executable_path/Frameworks";
				PRODUCT_BUNDLE_IDENTIFIER = JackCable.DraftMetrics;
				PRODUCT_NAME = "$(TARGET_NAME)";
				SWIFT_OBJC_BRIDGING_HEADER = "DraftMetrics2/DraftMetrics2-Bridging-Header.h";
				SWIFT_OPTIMIZATION_LEVEL = "-Onone";
			};
			name = Debug;
		};
		D16A80921CFF0E4D00C2EC89 /* Release */ = {
			isa = XCBuildConfiguration;
			baseConfigurationReference = 3D2A40AFEA1BE019D88A384A /* Pods-DraftMetrics2.release.xcconfig */;
			buildSettings = {
				ASSETCATALOG_COMPILER_APPICON_NAME = AppIcon;
				CLANG_ENABLE_MODULES = YES;
				INFOPLIST_FILE = DraftMetrics2/Info.plist;
				IPHONEOS_DEPLOYMENT_TARGET = 8.0;
				LD_RUNPATH_SEARCH_PATHS = "$(inherited) @executable_path/Frameworks";
				PRODUCT_BUNDLE_IDENTIFIER = JackCable.DraftMetrics;
				PRODUCT_NAME = "$(TARGET_NAME)";
				SWIFT_OBJC_BRIDGING_HEADER = "DraftMetrics2/DraftMetrics2-Bridging-Header.h";
			};
			name = Release;
		};
/* End XCBuildConfiguration section */

/* Begin XCConfigurationList section */
		D16A80771CFF0E4D00C2EC89 /* Build configuration list for PBXProject "DraftMetrics2" */ = {
			isa = XCConfigurationList;
			buildConfigurations = (
				D16A808E1CFF0E4D00C2EC89 /* Debug */,
				D16A808F1CFF0E4D00C2EC89 /* Release */,
			);
			defaultConfigurationIsVisible = 0;
			defaultConfigurationName = Release;
		};
		D16A80901CFF0E4D00C2EC89 /* Build configuration list for PBXNativeTarget "DraftMetrics" */ = {
			isa = XCConfigurationList;
			buildConfigurations = (
				D16A80911CFF0E4D00C2EC89 /* Debug */,
				D16A80921CFF0E4D00C2EC89 /* Release */,
			);
			defaultConfigurationIsVisible = 0;
			defaultConfigurationName = Release;
		};
/* End XCConfigurationList section */
	};
	rootObject = D16A80741CFF0E4D00C2EC89 /* Project object */;
}
