// !$*UTF8*$!
{
	archiveVersion = 1;
	classes = {
	};
	objectVersion = 46;
	objects = {

/* Begin PBXBuildFile section */
		D16A80801CFF0E4D00C2EC89 /* AppDelegate.swift in Sources */ = {isa = PBXBuildFile; fileRef = D16A807F1CFF0E4D00C2EC89 /* AppDelegate.swift */; };
		D16A80821CFF0E4D00C2EC89 /* MainPageViewController.swift in Sources */ = {isa = PBXBuildFile; fileRef = D16A80811CFF0E4D00C2EC89 /* MainPageViewController.swift */; };
		D16A80841CFF0E4D00C2EC89 /* MyPickViewController.swift in Sources */ = {isa = PBXBuildFile; fileRef = D16A80831CFF0E4D00C2EC89 /* MyPickViewController.swift */; };
		D16A80871CFF0E4D00C2EC89 /* Main.storyboard in Resources */ = {isa = PBXBuildFile; fileRef = D16A80851CFF0E4D00C2EC89 /* Main.storyboard */; };
		D16A80891CFF0E4D00C2EC89 /* Assets.xcassets in Resources */ = {isa = PBXBuildFile; fileRef = D16A80881CFF0E4D00C2EC89 /* Assets.xcassets */; };
		D16A808C1CFF0E4D00C2EC89 /* LaunchScreen.storyboard in Resources */ = {isa = PBXBuildFile; fileRef = D16A808A1CFF0E4D00C2EC89 /* LaunchScreen.storyboard */; };
/* End PBXBuildFile section */

/* Begin PBXFileReference section */
		D16A807C1CFF0E4D00C2EC89 /* DraftMetrics2.app */ = {isa = PBXFileReference; explicitFileType = wrapper.application; includeInIndex = 0; path = DraftMetrics2.app; sourceTree = BUILT_PRODUCTS_DIR; };
		D16A807F1CFF0E4D00C2EC89 /* AppDelegate.swift */ = {isa = PBXFileReference; lastKnownFileType = sourcecode.swift; path = AppDelegate.swift; sourceTree = "<group>"; };
		D16A80811CFF0E4D00C2EC89 /* MainPageViewController.swift */ = {isa = PBXFileReference; lastKnownFileType = sourcecode.swift; path = MainPageViewController.swift; sourceTree = "<group>"; };
		D16A80831CFF0E4D00C2EC89 /* MyPickViewController.swift */ = {isa = PBXFileReference; lastKnownFileType = sourcecode.swift; path = MyPickViewController.swift; sourceTree = "<group>"; };
		D16A80861CFF0E4D00C2EC89 /* Base */ = {isa = PBXFileReference; lastKnownFileType = file.storyboard; name = Base; path = Base.lproj/Main.storyboard; sourceTree = "<group>"; };
		D16A80881CFF0E4D00C2EC89 /* Assets.xcassets */ = {isa = PBXFileReference; lastKnownFileType = folder.assetcatalog; path = Assets.xcassets; sourceTree = "<group>"; };
		D16A808B1CFF0E4D00C2EC89 /* Base */ = {isa = PBXFileReference; lastKnownFileType = file.storyboard; name = Base; path = Base.lproj/LaunchScreen.storyboard; sourceTree = "<group>"; };
		D16A808D1CFF0E4D00C2EC89 /* Info.plist */ = {isa = PBXFileReference; lastKnownFileType = text.plist.xml; path = Info.plist; sourceTree = "<group>"; };
/* End PBXFileReference section */

/* Begin PBXFrameworksBuildPhase section */
		D16A80791CFF0E4D00C2EC89 /* Frameworks */ = {
			isa = PBXFrameworksBuildPhase;
			buildActionMask = 2147483647;
			files = (
			);
			runOnlyForDeploymentPostprocessing = 0;
		};
/* End PBXFrameworksBuildPhase section */

/* Begin PBXGroup section */
		D16A80731CFF0E4D00C2EC89 = {
			isa = PBXGroup;
			children = (
				D16A807E1CFF0E4D00C2EC89 /* DraftMetrics2 */,
				D16A807D1CFF0E4D00C2EC89 /* Products */,
			);
			sourceTree = "<group>";
		};
		D16A807D1CFF0E4D00C2EC89 /* Products */ = {
			isa = PBXGroup;
			children = (
				D16A807C1CFF0E4D00C2EC89 /* DraftMetrics2.app */,
			);
			name = Products;
			sourceTree = "<group>";
		};
		D16A807E1CFF0E4D00C2EC89 /* DraftMetrics2 */ = {
			isa = PBXGroup;
			children = (
				D16A807F1CFF0E4D00C2EC89 /* AppDelegate.swift */,
				D16A80811CFF0E4D00C2EC89 /* MainPageViewController.swift */,
				D16A80831CFF0E4D00C2EC89 /* MyPickViewController.swift */,
				D16A80851CFF0E4D00C2EC89 /* Main.storyboard */,
				D16A80881CFF0E4D00C2EC89 /* Assets.xcassets */,
				D16A808A1CFF0E4D00C2EC89 /* LaunchScreen.storyboard */,
				D16A808D1CFF0E4D00C2EC89 /* Info.plist */,
			);
			path = DraftMetrics2;
			sourceTree = "<group>";
		};
/* End PBXGroup section */

/* Begin PBXNativeTarget section */
		D16A807B1CFF0E4D00C2EC89 /* DraftMetrics2 */ = {
			isa = PBXNativeTarget;
			buildConfigurationList = D16A80901CFF0E4D00C2EC89 /* Build configuration list for PBXNativeTarget "DraftMetrics2" */;
			buildPhases = (
				D16A80781CFF0E4D00C2EC89 /* Sources */,
				D16A80791CFF0E4D00C2EC89 /* Frameworks */,
				D16A807A1CFF0E4D00C2EC89 /* Resources */,
			);
			buildRules = (
			);
			dependencies = (
			);
			name = DraftMetrics2;
			productName = DraftMetrics2;
			productReference = D16A807C1CFF0E4D00C2EC89 /* DraftMetrics2.app */;
			productType = "com.apple.product-type.application";
		};
/* End PBXNativeTarget section */

/* Begin PBXProject section */
		D16A80741CFF0E4D00C2EC89 /* Project object */ = {
			isa = PBXProject;
			attributes = {
				LastSwiftUpdateCheck = 0730;
				LastUpgradeCheck = 0730;
				ORGANIZATIONNAME = "Jack Cable";
				TargetAttributes = {
					D16A807B1CFF0E4D00C2EC89 = {
						CreatedOnToolsVersion = 7.3;
					};
				};
			};
			buildConfigurationList = D16A80771CFF0E4D00C2EC89 /* Build configuration list for PBXProject "DraftMetrics2" */;
			compatibilityVersion = "Xcode 3.2";
			developmentRegion = English;
			hasScannedForEncodings = 0;
			knownRegions = (
				en,
				Base,
			);
			mainGroup = D16A80731CFF0E4D00C2EC89;
			productRefGroup = D16A807D1CFF0E4D00C2EC89 /* Products */;
			projectDirPath = "";
			projectRoot = "";
			targets = (
				D16A807B1CFF0E4D00C2EC89 /* DraftMetrics2 */,
			);
		};
/* End PBXProject section */

/* Begin PBXResourcesBuildPhase section */
		D16A807A1CFF0E4D00C2EC89 /* Resources */ = {
			isa = PBXResourcesBuildPhase;
			buildActionMask = 2147483647;
			files = (
				D16A808C1CFF0E4D00C2EC89 /* LaunchScreen.storyboard in Resources */,
				D16A80891CFF0E4D00C2EC89 /* Assets.xcassets in Resources */,
				D16A80871CFF0E4D00C2EC89 /* Main.storyboard in Resources */,
			);
			runOnlyForDeploymentPostprocessing = 0;
		};
/* End PBXResourcesBuildPhase section */

/* Begin PBXSourcesBuildPhase section */
		D16A80781CFF0E4D00C2EC89 /* Sources */ = {
			isa = PBXSourcesBuildPhase;
			buildActionMask = 2147483647;
			files = (
				D16A80841CFF0E4D00C2EC89 /* MyPickViewController.swift in Sources */,
				D16A80801CFF0E4D00C2EC89 /* AppDelegate.swift in Sources */,
				D16A80821CFF0E4D00C2EC89 /* MainPageViewController.swift in Sources */,
			);
			runOnlyForDeploymentPostprocessing = 0;
		};
/* End PBXSourcesBuildPhase section */

/* Begin PBXVariantGroup section */
		D16A80851CFF0E4D00C2EC89 /* Main.storyboard */ = {
			isa = PBXVariantGroup;
			children = (
				D16A80861CFF0E4D00C2EC89 /* Base */,
			);
			name = Main.storyboard;
			sourceTree = "<group>";
		};
		D16A808A1CFF0E4D00C2EC89 /* LaunchScreen.storyboard */ = {
			isa = PBXVariantGroup;
			children = (
				D16A808B1CFF0E4D00C2EC89 /* Base */,
			);
			name = LaunchScreen.storyboard;
			sourceTree = "<group>";
		};
/* End PBXVariantGroup section */

/* Begin XCBuildConfiguration section */
		D16A808E1CFF0E4D00C2EC89 /* Debug */ = {
			isa = XCBuildConfiguration;
			buildSettings = {
				ALWAYS_SEARCH_USER_PATHS = NO;
				CLANG_ANALYZER_NONNULL = YES;
				CLANG_CXX_LANGUAGE_STANDARD = "gnu++0x";
				CLANG_CXX_LIBRARY = "libc++";
				CLANG_ENABLE_MODULES = YES;
				CLANG_ENABLE_OBJC_ARC = YES;
				CLANG_WARN_BOOL_CONVERSION = YES;
				CLANG_WARN_CONSTANT_CONVERSION = YES;
				CLANG_WARN_DIRECT_OBJC_ISA_USAGE = YES_ERROR;
				CLANG_WARN_EMPTY_BODY = YES;
				CLANG_WARN_ENUM_CONVERSION = YES;
				CLANG_WARN_INT_CONVERSION = YES;
				CLANG_WARN_OBJC_ROOT_CLASS = YES_ERROR;
				CLANG_WARN_UNREACHABLE_CODE = YES;
				CLANG_WARN__DUPLICATE_METHOD_MATCH = YES;
				"CODE_SIGN_IDENTITY[sdk=iphoneos*]" = "iPhone Developer";
				COPY_PHASE_STRIP = NO;
				DEBUG_INFORMATION_FORMAT = dwarf;
				ENABLE_STRICT_OBJC_MSGSEND = YES;
				ENABLE_TESTABILITY = YES;
				GCC_C_LANGUAGE_STANDARD = gnu99;
				GCC_DYNAMIC_NO_PIC = NO;
				GCC_NO_COMMON_BLOCKS = YES;
				GCC_OPTIMIZATION_LEVEL = 0;
				GCC_PREPROCESSOR_DEFINITIONS = (
					"DEBUG=1",
					"$(inherited)",
				);
				GCC_WARN_64_TO_32_BIT_CONVERSION = YES;
				GCC_WARN_ABOUT_RETURN_TYPE = YES_ERROR;
				GCC_WARN_UNDECLARED_SELECTOR = YES;
				GCC_WARN_UNINITIALIZED_AUTOS = YES_AGGRESSIVE;
				GCC_WARN_UNUSED_FUNCTION = YES;
				GCC_WARN_UNUSED_VARIABLE = YES;
				IPHONEOS_DEPLOYMENT_TARGET = 9.3;
				MTL_ENABLE_DEBUG_INFO = YES;
				ONLY_ACTIVE_ARCH = YES;
				SDKROOT = iphoneos;
				SWIFT_OPTIMIZATION_LEVEL = "-Onone";
				TARGETED_DEVICE_FAMILY = "1,2";
			};
			name = Debug;
		};
		D16A808F1CFF0E4D00C2EC89 /* Release */ = {
			isa = XCBuildConfiguration;
			buildSettings = {
				ALWAYS_SEARCH_USER_PATHS = NO;
				CLANG_ANALYZER_NONNULL = YES;
				CLANG_CXX_LANGUAGE_STANDARD = "gnu++0x";
				CLANG_CXX_LIBRARY = "libc++";
				CLANG_ENABLE_MODULES = YES;
				CLANG_ENABLE_OBJC_ARC = YES;
				CLANG_WARN_BOOL_CONVERSION = YES;
				CLANG_WARN_CONSTANT_CONVERSION = YES;
				CLANG_WARN_DIRECT_OBJC_ISA_USAGE = YES_ERROR;
				CLANG_WARN_EMPTY_BODY = YES;
				CLANG_WARN_ENUM_CONVERSION = YES;
				CLANG_WARN_INT_CONVERSION = YES;
				CLANG_WARN_OBJC_ROOT_CLASS = YES_ERROR;
				CLANG_WARN_UNREACHABLE_CODE = YES;
				CLANG_WARN__DUPLICATE_METHOD_MATCH = YES;
				"CODE_SIGN_IDENTITY[sdk=iphoneos*]" = "iPhone Developer";
				COPY_PHASE_STRIP = NO;
				DEBUG_INFORMATION_FORMAT = "dwarf-with-dsym";
				ENABLE_NS_ASSERTIONS = NO;
				ENABLE_STRICT_OBJC_MSGSEND = YES;
				GCC_C_LANGUAGE_STANDARD = gnu99;
				GCC_NO_COMMON_BLOCKS = YES;
				GCC_WARN_64_TO_32_BIT_CONVERSION = YES;
				GCC_WARN_ABOUT_RETURN_TYPE = YES_ERROR;
				GCC_WARN_UNDECLARED_SELECTOR = YES;
				GCC_WARN_UNINITIALIZED_AUTOS = YES_AGGRESSIVE;
				GCC_WARN_UNUSED_FUNCTION = YES;
				GCC_WARN_UNUSED_VARIABLE = YES;
				IPHONEOS_DEPLOYMENT_TARGET = 9.3;
				MTL_ENABLE_DEBUG_INFO = NO;
				SDKROOT = iphoneos;
				TARGETED_DEVICE_FAMILY = "1,2";
				VALIDATE_PRODUCT = YES;
			};
			name = Release;
		};
		D16A80911CFF0E4D00C2EC89 /* Debug */ = {
			isa = XCBuildConfiguration;
			buildSettings = {
				ASSETCATALOG_COMPILER_APPICON_NAME = AppIcon;
				INFOPLIST_FILE = DraftMetrics2/Info.plist;
				LD_RUNPATH_SEARCH_PATHS = "$(inherited) @executable_path/Frameworks";
				PRODUCT_BUNDLE_IDENTIFIER = "Jack-Cable.DraftMetrics2";
				PRODUCT_NAME = "$(TARGET_NAME)";
			};
			name = Debug;
		};
		D16A80921CFF0E4D00C2EC89 /* Release */ = {
			isa = XCBuildConfiguration;
			buildSettings = {
				ASSETCATALOG_COMPILER_APPICON_NAME = AppIcon;
				INFOPLIST_FILE = DraftMetrics2/Info.plist;
				LD_RUNPATH_SEARCH_PATHS = "$(inherited) @executable_path/Frameworks";
				PRODUCT_BUNDLE_IDENTIFIER = "Jack-Cable.DraftMetrics2";
				PRODUCT_NAME = "$(TARGET_NAME)";
			};
			name = Release;
		};
/* End XCBuildConfiguration section */

/* Begin XCConfigurationList section */
		D16A80771CFF0E4D00C2EC89 /* Build configuration list for PBXProject "DraftMetrics2" */ = {
			isa = XCConfigurationList;
			buildConfigurations = (
				D16A808E1CFF0E4D00C2EC89 /* Debug */,
				D16A808F1CFF0E4D00C2EC89 /* Release */,
			);
			defaultConfigurationIsVisible = 0;
			defaultConfigurationName = Release;
		};
		D16A80901CFF0E4D00C2EC89 /* Build configuration list for PBXNativeTarget "DraftMetrics2" */ = {
			isa = XCConfigurationList;
			buildConfigurations = (
				D16A80911CFF0E4D00C2EC89 /* Debug */,
				D16A80921CFF0E4D00C2EC89 /* Release */,
			);
			defaultConfigurationIsVisible = 0;
		};
/* End XCConfigurationList section */
	};
	rootObject = D16A80741CFF0E4D00C2EC89 /* Project object */;
}
